
Microsoft Visual Studio Solution File, Format Version 12.00
# Visual Studio 15
VisualStudioVersion = 15.0.26403.7
MinimumVisualStudioVersion = 10.0.40219.1
Project("{FAE04EC0-301F-11D3-BF4B-00C04F79EFBC}") = "Client", "Client\Client.csproj", "{B53A1B51-31C2-41D2-97F1-CCD5F5C987C9}"
EndProject
Project("{FAE04EC0-301F-11D3-BF4B-00C04F79EFBC}") = "Protocol", "Protocol\Protocol.csproj", "{D1771CF7-97EA-4A65-AC28-39F0538525A4}"
EndProject
Global
	GlobalSection(SolutionConfigurationPlatforms) = preSolution
		Debug|Any CPU = Debug|Any CPU
		Release|Any CPU = Release|Any CPU
	EndGlobalSection
	GlobalSection(ProjectConfigurationPlatforms) = postSolution
		{B53A1B51-31C2-41D2-97F1-CCD5F5C987C9}.Debug|Any CPU.ActiveCfg = Debug|Any CPU
		{B53A1B51-31C2-41D2-97F1-CCD5F5C987C9}.Debug|Any CPU.Build.0 = Debug|Any CPU
		{B53A1B51-31C2-41D2-97F1-CCD5F5C987C9}.Release|Any CPU.ActiveCfg = Release|Any CPU
		{B53A1B51-31C2-41D2-97F1-CCD5F5C987C9}.Release|Any CPU.Build.0 = Release|Any CPU
		{D1771CF7-97EA-4A65-AC28-39F0538525A4}.Debug|Any CPU.ActiveCfg = Debug|Any CPU
		{D1771CF7-97EA-4A65-AC28-39F0538525A4}.Debug|Any CPU.Build.0 = Debug|Any CPU
		{D1771CF7-97EA-4A65-AC28-39F0538525A4}.Release|Any CPU.ActiveCfg = Release|Any CPU
		{D1771CF7-97EA-4A65-AC28-39F0538525A4}.Release|Any CPU.Build.0 = Release|Any CPU
	EndGlobalSection
	GlobalSection(SolutionProperties) = preSolution
		HideSolutionNode = FALSE
	EndGlobalSection
EndGlobal
